
Microsoft Visual Studio Solution File, Format Version 12.00
# Visual Studio Version 16
VisualStudioVersion = 16.0.33214.272
MinimumVisualStudioVersion = 10.0.40219.1
Project("{FAE04EC0-301F-11D3-BF4B-00C04F79EFBC}") = "mission6", "mission6\mission6.csproj", "{5C53B97B-A78B-4858-B16B-900549AF54A4}"
EndProject
Global
	GlobalSection(SolutionConfigurationPlatforms) = preSolution
		Debug|Any CPU = Debug|Any CPU
		Release|Any CPU = Release|Any CPU
	EndGlobalSection
	GlobalSection(ProjectConfigurationPlatforms) = postSolution
		{5C53B97B-A78B-4858-B16B-900549AF54A4}.Debug|Any CPU.ActiveCfg = Debug|Any CPU
		{5C53B97B-A78B-4858-B16B-900549AF54A4}.Debug|Any CPU.Build.0 = Debug|Any CPU
		{5C53B97B-A78B-4858-B16B-900549AF54A4}.Release|Any CPU.ActiveCfg = Release|Any CPU
		{5C53B97B-A78B-4858-B16B-900549AF54A4}.Release|Any CPU.Build.0 = Release|Any CPU
	EndGlobalSection
	GlobalSection(SolutionProperties) = preSolution
		HideSolutionNode = FALSE
	EndGlobalSection
	GlobalSection(ExtensibilityGlobals) = postSolution
		SolutionGuid = {0A9EC404-E405-48AE-A686-278C21B91BD2}
	EndGlobalSection
EndGlobal
